{
  "name": "@motion-canvas/ui",
  "version": "1.0.0",
  "lockfileVersion": 2,
  "requires": true,
  "packages": {
    "": {
      "name": "@motion-canvas/ui",
      "version": "1.0.0",
      "license": "ISC",
      "dependencies": {
        "preact": "^10.7.1",
        "strongly-typed-events": "^3.0.2"
      },
      "devDependencies": {
        "@types/wicg-file-system-access": "^2020.9.5",
        "prettier": "^2.6.2",
        "typescript": "^4.6.3"
      }
    },
    "node_modules/@types/wicg-file-system-access": {
      "version": "2020.9.5",
      "resolved": "https://registry.npmjs.org/@types/wicg-file-system-access/-/wicg-file-system-access-2020.9.5.tgz",
      "integrity": "sha512-UYK244awtmcUYQfs7FR8710MJcefL2WvkyHMjA8yJzxd1mo0Gfn88sRZ1Bls7hiUhA2w7ne1gpJ9T5g3G0wOyA==",
      "dev": true
    },
    "node_modules/preact": {
      "version": "10.7.1",
      "resolved": "https://registry.npmjs.org/preact/-/preact-10.7.1.tgz",
      "integrity": "sha512-MufnRFz39aIhs9AMFisonjzTud1PK1bY+jcJLo6m2T9Uh8AqjD77w11eAAawmjUogoGOnipECq7e/1RClIKsxg==",
      "funding": {
        "type": "opencollective",
        "url": "https://opencollective.com/preact"
      }
    },
    "node_modules/prettier": {
      "version": "2.6.2",
      "resolved": "https://registry.npmjs.org/prettier/-/prettier-2.6.2.tgz",
      "integrity": "sha512-PkUpF+qoXTqhOeWL9fu7As8LXsIUZ1WYaJiY/a7McAQzxjk82OF0tibkFXVCDImZtWxbvojFjerkiLb0/q8mew==",
      "dev": true,
      "bin": {
        "prettier": "bin-prettier.js"
      },
      "engines": {
        "node": ">=10.13.0"
      },
      "funding": {
        "url": "https://github.com/prettier/prettier?sponsor=1"
      }
    },
    "node_modules/ste-core": {
      "version": "3.0.2",
      "resolved": "https://registry.npmjs.org/ste-core/-/ste-core-3.0.2.tgz",
      "integrity": "sha512-jX6MwOP78lt5AJsDouGrXEAd4ivYF/xLgzUDa5bpVfScIVhs2K5yG+ZxGJzpyEZFFseYJYhyLvsLDCLETW4W/w==",
      "engines": {
        "node": ">=4.2.4"
      }
    },
    "node_modules/ste-events": {
      "version": "3.0.2",
      "resolved": "https://registry.npmjs.org/ste-events/-/ste-events-3.0.2.tgz",
      "integrity": "sha512-lfNXJJLhDsZUyOLYkdldlFGzgWyI+FMza1x9VNzKKa6MV86yvUig6u6e8qOl0QMMXVreWqCf2jeFC3BczZwtcg==",
      "dependencies": {
        "ste-core": "^3.0.2"
      },
      "engines": {
        "node": ">=4.2.4"
      }
    },
    "node_modules/ste-promise-events": {
      "version": "3.0.2",
      "resolved": "https://registry.npmjs.org/ste-promise-events/-/ste-promise-events-3.0.2.tgz",
      "integrity": "sha512-JUvHOYGzZgwyy6kg/FJH7cQKp179BgOqeKhlxS31gAjrzKpNLGmgMRnjW+/NPyOmuEBDpaA6uV3lbQ5rc3BDVg==",
      "dependencies": {
        "ste-core": "^3.0.2"
      },
      "engines": {
        "node": ">=4.2.4"
      }
    },
    "node_modules/ste-promise-signals": {
      "version": "3.0.2",
      "resolved": "https://registry.npmjs.org/ste-promise-signals/-/ste-promise-signals-3.0.2.tgz",
      "integrity": "sha512-YbPJJFVxXEwvKXTguItJFhukz6kT3n0BsY/wzw9B4mKo6hQlxCMtYdR72r1WwthnMvk0NDI1gP4JV+f5rOHEvA==",
      "dependencies": {
        "ste-core": "^3.0.2"
      },
      "engines": {
        "node": ">=4.2.4"
      }
    },
    "node_modules/ste-promise-simple-events": {
      "version": "3.0.2",
      "resolved": "https://registry.npmjs.org/ste-promise-simple-events/-/ste-promise-simple-events-3.0.2.tgz",
      "integrity": "sha512-DbIwA1Gz0sYk6ruUAew4M7i1p1U6ULAITy7a25/bAxxA7l2nMlk3Cd54CSNqGVdBHnrR8Nv4rC9e99LXs+BiFA==",
      "dependencies": {
        "ste-core": "^3.0.2"
      },
      "engines": {
        "node": ">=4.2.4"
      }
    },
    "node_modules/ste-signals": {
      "version": "3.0.2",
      "resolved": "https://registry.npmjs.org/ste-signals/-/ste-signals-3.0.2.tgz",
      "integrity": "sha512-bWDtxCBs7cq3bModkFGyTRzAGm9QSAlrGXV7xxKmgyc2VMkF/E79Y4k3CcMEVT7Odj1ieL8Fg8m21gL43sOLSg==",
      "dependencies": {
        "ste-core": "^3.0.2"
      },
      "engines": {
        "node": ">=4.2.4"
      }
    },
    "node_modules/ste-simple-events": {
      "version": "3.0.2",
      "resolved": "https://registry.npmjs.org/ste-simple-events/-/ste-simple-events-3.0.2.tgz",
      "integrity": "sha512-NvHH+JX6SjpMtgmcAwqMAsJ6nyGdGp1/oaGTdK/RVQGIAL0bLKRnHAyiH+ygMJ3P2SPPUPApIjqoq1VGK2uH8A==",
      "dependencies": {
        "ste-core": "^3.0.2"
      },
      "engines": {
        "node": ">=4.2.4"
      }
    },
    "node_modules/strongly-typed-events": {
      "version": "3.0.2",
      "resolved": "https://registry.npmjs.org/strongly-typed-events/-/strongly-typed-events-3.0.2.tgz",
      "integrity": "sha512-9KKqQwqjXc6zbqi1iIFoAX+9jPoBIFcel43HCBWYskgEpg3g8R1J3hTzUH8GYfu1EOYwEIjL6Yw0KnceSdDjLw==",
      "dependencies": {
        "ste-core": "^3.0.2",
        "ste-events": "^3.0.2",
        "ste-promise-events": "^3.0.2",
        "ste-promise-signals": "^3.0.2",
        "ste-promise-simple-events": "^3.0.2",
        "ste-signals": "^3.0.2",
        "ste-simple-events": "^3.0.2"
      },
      "engines": {
        "node": ">=4.2.4"
      }
    },
    "node_modules/typescript": {
      "version": "4.6.3",
      "resolved": "https://registry.npmjs.org/typescript/-/typescript-4.6.3.tgz",
      "integrity": "sha512-yNIatDa5iaofVozS/uQJEl3JRWLKKGJKh6Yaiv0GLGSuhpFJe7P3SbHZ8/yjAHRQwKRoA6YZqlfjXWmVzoVSMw==",
      "dev": true,
      "bin": {
        "tsc": "bin/tsc",
        "tsserver": "bin/tsserver"
      },
      "engines": {
        "node": ">=4.2.0"
      }
    }
  },
  "dependencies": {
    "@types/wicg-file-system-access": {
      "version": "2020.9.5",
      "resolved": "https://registry.npmjs.org/@types/wicg-file-system-access/-/wicg-file-system-access-2020.9.5.tgz",
      "integrity": "sha512-UYK244awtmcUYQfs7FR8710MJcefL2WvkyHMjA8yJzxd1mo0Gfn88sRZ1Bls7hiUhA2w7ne1gpJ9T5g3G0wOyA==",
      "dev": true
    },
    "preact": {
      "version": "10.7.1",
      "resolved": "https://registry.npmjs.org/preact/-/preact-10.7.1.tgz",
      "integrity": "sha512-MufnRFz39aIhs9AMFisonjzTud1PK1bY+jcJLo6m2T9Uh8AqjD77w11eAAawmjUogoGOnipECq7e/1RClIKsxg=="
    },
    "prettier": {
      "version": "2.6.2",
      "resolved": "https://registry.npmjs.org/prettier/-/prettier-2.6.2.tgz",
      "integrity": "sha512-PkUpF+qoXTqhOeWL9fu7As8LXsIUZ1WYaJiY/a7McAQzxjk82OF0tibkFXVCDImZtWxbvojFjerkiLb0/q8mew==",
      "dev": true
    },
    "ste-core": {
      "version": "3.0.2",
      "resolved": "https://registry.npmjs.org/ste-core/-/ste-core-3.0.2.tgz",
      "integrity": "sha512-jX6MwOP78lt5AJsDouGrXEAd4ivYF/xLgzUDa5bpVfScIVhs2K5yG+ZxGJzpyEZFFseYJYhyLvsLDCLETW4W/w=="
    },
    "ste-events": {
      "version": "3.0.2",
      "resolved": "https://registry.npmjs.org/ste-events/-/ste-events-3.0.2.tgz",
      "integrity": "sha512-lfNXJJLhDsZUyOLYkdldlFGzgWyI+FMza1x9VNzKKa6MV86yvUig6u6e8qOl0QMMXVreWqCf2jeFC3BczZwtcg==",
      "requires": {
        "ste-core": "^3.0.2"
      }
    },
    "ste-promise-events": {
      "version": "3.0.2",
      "resolved": "https://registry.npmjs.org/ste-promise-events/-/ste-promise-events-3.0.2.tgz",
      "integrity": "sha512-JUvHOYGzZgwyy6kg/FJH7cQKp179BgOqeKhlxS31gAjrzKpNLGmgMRnjW+/NPyOmuEBDpaA6uV3lbQ5rc3BDVg==",
      "requires": {
        "ste-core": "^3.0.2"
      }
    },
    "ste-promise-signals": {
      "version": "3.0.2",
      "resolved": "https://registry.npmjs.org/ste-promise-signals/-/ste-promise-signals-3.0.2.tgz",
      "integrity": "sha512-YbPJJFVxXEwvKXTguItJFhukz6kT3n0BsY/wzw9B4mKo6hQlxCMtYdR72r1WwthnMvk0NDI1gP4JV+f5rOHEvA==",
      "requires": {
        "ste-core": "^3.0.2"
      }
    },
    "ste-promise-simple-events": {
      "version": "3.0.2",
      "resolved": "https://registry.npmjs.org/ste-promise-simple-events/-/ste-promise-simple-events-3.0.2.tgz",
      "integrity": "sha512-DbIwA1Gz0sYk6ruUAew4M7i1p1U6ULAITy7a25/bAxxA7l2nMlk3Cd54CSNqGVdBHnrR8Nv4rC9e99LXs+BiFA==",
      "requires": {
        "ste-core": "^3.0.2"
      }
    },
    "ste-signals": {
      "version": "3.0.2",
      "resolved": "https://registry.npmjs.org/ste-signals/-/ste-signals-3.0.2.tgz",
      "integrity": "sha512-bWDtxCBs7cq3bModkFGyTRzAGm9QSAlrGXV7xxKmgyc2VMkF/E79Y4k3CcMEVT7Odj1ieL8Fg8m21gL43sOLSg==",
      "requires": {
        "ste-core": "^3.0.2"
      }
    },
    "ste-simple-events": {
      "version": "3.0.2",
      "resolved": "https://registry.npmjs.org/ste-simple-events/-/ste-simple-events-3.0.2.tgz",
      "integrity": "sha512-NvHH+JX6SjpMtgmcAwqMAsJ6nyGdGp1/oaGTdK/RVQGIAL0bLKRnHAyiH+ygMJ3P2SPPUPApIjqoq1VGK2uH8A==",
      "requires": {
        "ste-core": "^3.0.2"
      }
    },
    "strongly-typed-events": {
      "version": "3.0.2",
      "resolved": "https://registry.npmjs.org/strongly-typed-events/-/strongly-typed-events-3.0.2.tgz",
      "integrity": "sha512-9KKqQwqjXc6zbqi1iIFoAX+9jPoBIFcel43HCBWYskgEpg3g8R1J3hTzUH8GYfu1EOYwEIjL6Yw0KnceSdDjLw==",
      "requires": {
        "ste-core": "^3.0.2",
        "ste-events": "^3.0.2",
        "ste-promise-events": "^3.0.2",
        "ste-promise-signals": "^3.0.2",
        "ste-promise-simple-events": "^3.0.2",
        "ste-signals": "^3.0.2",
        "ste-simple-events": "^3.0.2"
      }
    },
    "typescript": {
      "version": "4.6.3",
      "resolved": "https://registry.npmjs.org/typescript/-/typescript-4.6.3.tgz",
      "integrity": "sha512-yNIatDa5iaofVozS/uQJEl3JRWLKKGJKh6Yaiv0GLGSuhpFJe7P3SbHZ8/yjAHRQwKRoA6YZqlfjXWmVzoVSMw==",
      "dev": true
    }
  }
}
