{
  "name": "@motion-canvas/ui",
  "version": "1.0.0",
  "lockfileVersion": 2,
  "requires": true,
  "packages": {
    "": {
      "name": "@motion-canvas/ui",
      "version": "1.0.0",
      "license": "ISC",
      "dependencies": {
        "preact": "^10.7.1"
      },
      "devDependencies": {
        "@types/wicg-file-system-access": "^2020.9.5",
        "prettier": "^2.6.2",
        "typescript": "^4.6.3"
      }
    },
    "node_modules/@types/wicg-file-system-access": {
      "version": "2020.9.5",
      "resolved": "https://registry.npmjs.org/@types/wicg-file-system-access/-/wicg-file-system-access-2020.9.5.tgz",
      "integrity": "sha512-UYK244awtmcUYQfs7FR8710MJcefL2WvkyHMjA8yJzxd1mo0Gfn88sRZ1Bls7hiUhA2w7ne1gpJ9T5g3G0wOyA==",
      "dev": true
    },
    "node_modules/preact": {
      "version": "10.7.1",
      "resolved": "https://registry.npmjs.org/preact/-/preact-10.7.1.tgz",
      "integrity": "sha512-MufnRFz39aIhs9AMFisonjzTud1PK1bY+jcJLo6m2T9Uh8AqjD77w11eAAawmjUogoGOnipECq7e/1RClIKsxg==",
      "funding": {
        "type": "opencollective",
        "url": "https://opencollective.com/preact"
      }
    },
    "node_modules/prettier": {
      "version": "2.6.2",
      "resolved": "https://registry.npmjs.org/prettier/-/prettier-2.6.2.tgz",
      "integrity": "sha512-PkUpF+qoXTqhOeWL9fu7As8LXsIUZ1WYaJiY/a7McAQzxjk82OF0tibkFXVCDImZtWxbvojFjerkiLb0/q8mew==",
      "dev": true,
      "bin": {
        "prettier": "bin-prettier.js"
      },
      "engines": {
        "node": ">=10.13.0"
      },
      "funding": {
        "url": "https://github.com/prettier/prettier?sponsor=1"
      }
    },
    "node_modules/typescript": {
      "version": "4.6.3",
      "resolved": "https://registry.npmjs.org/typescript/-/typescript-4.6.3.tgz",
      "integrity": "sha512-yNIatDa5iaofVozS/uQJEl3JRWLKKGJKh6Yaiv0GLGSuhpFJe7P3SbHZ8/yjAHRQwKRoA6YZqlfjXWmVzoVSMw==",
      "dev": true,
      "bin": {
        "tsc": "bin/tsc",
        "tsserver": "bin/tsserver"
      },
      "engines": {
        "node": ">=4.2.0"
      }
    }
  },
  "dependencies": {
    "@types/wicg-file-system-access": {
      "version": "2020.9.5",
      "resolved": "https://registry.npmjs.org/@types/wicg-file-system-access/-/wicg-file-system-access-2020.9.5.tgz",
      "integrity": "sha512-UYK244awtmcUYQfs7FR8710MJcefL2WvkyHMjA8yJzxd1mo0Gfn88sRZ1Bls7hiUhA2w7ne1gpJ9T5g3G0wOyA==",
      "dev": true
    },
    "preact": {
      "version": "10.7.1",
      "resolved": "https://registry.npmjs.org/preact/-/preact-10.7.1.tgz",
      "integrity": "sha512-MufnRFz39aIhs9AMFisonjzTud1PK1bY+jcJLo6m2T9Uh8AqjD77w11eAAawmjUogoGOnipECq7e/1RClIKsxg=="
    },
    "prettier": {
      "version": "2.6.2",
      "resolved": "https://registry.npmjs.org/prettier/-/prettier-2.6.2.tgz",
      "integrity": "sha512-PkUpF+qoXTqhOeWL9fu7As8LXsIUZ1WYaJiY/a7McAQzxjk82OF0tibkFXVCDImZtWxbvojFjerkiLb0/q8mew==",
      "dev": true
    },
    "typescript": {
      "version": "4.6.3",
      "resolved": "https://registry.npmjs.org/typescript/-/typescript-4.6.3.tgz",
      "integrity": "sha512-yNIatDa5iaofVozS/uQJEl3JRWLKKGJKh6Yaiv0GLGSuhpFJe7P3SbHZ8/yjAHRQwKRoA6YZqlfjXWmVzoVSMw==",
      "dev": true
    }
  }
}
